
Microsoft Visual Studio Solution File, Format Version 12.00
# Visual Studio Version 16
VisualStudioVersion = 16.0.30907.101
MinimumVisualStudioVersion = 10.0.40219.1
Project("{8BC9CEB8-8B4A-11D0-8D11-00A0C91BC942}") = "Comp3 Lab1", "Comp3 Lab1\Comp3 Lab1.vcxproj", "{675C44C7-ED59-45D6-9F8B-5BA813DD71ED}"
EndProject
Global
	GlobalSection(SolutionConfigurationPlatforms) = preSolution
		Debug|x64 = Debug|x64
		Debug|x86 = Debug|x86
		Release|x64 = Release|x64
		Release|x86 = Release|x86
	EndGlobalSection
	GlobalSection(ProjectConfigurationPlatforms) = postSolution
		{675C44C7-ED59-45D6-9F8B-5BA813DD71ED}.Debug|x64.ActiveCfg = Debug|x64
		{675C44C7-ED59-45D6-9F8B-5BA813DD71ED}.Debug|x64.Build.0 = Debug|x64
		{675C44C7-ED59-45D6-9F8B-5BA813DD71ED}.Debug|x86.ActiveCfg = Debug|Win32
		{675C44C7-ED59-45D6-9F8B-5BA813DD71ED}.Debug|x86.Build.0 = Debug|Win32
		{675C44C7-ED59-45D6-9F8B-5BA813DD71ED}.Release|x64.ActiveCfg = Release|x64
		{675C44C7-ED59-45D6-9F8B-5BA813DD71ED}.Release|x64.Build.0 = Release|x64
		{675C44C7-ED59-45D6-9F8B-5BA813DD71ED}.Release|x86.ActiveCfg = Release|Win32
		{675C44C7-ED59-45D6-9F8B-5BA813DD71ED}.Release|x86.Build.0 = Release|Win32
	EndGlobalSection
	GlobalSection(SolutionProperties) = preSolution
		HideSolutionNode = FALSE
	EndGlobalSection
	GlobalSection(ExtensibilityGlobals) = postSolution
		SolutionGuid = {B7778ED1-E817-4C4C-8C99-9EF47F34133B}
	EndGlobalSection
EndGlobal
